lockfileVersion: 5.3

specifiers:
  live-server: ^1.2.1

devDependencies:
  live-server: 1.2.1

packages:

  /accepts/1.3.7:
    resolution: {integrity: sha1-UxvHJlF6OytB+FACHGzBXqq1B80=, tarball: accepts/download/accepts-1.3.7.tgz?cache=0&sync_timestamp=1636728922170&other_urls=https%3A%2F%2Fregistry.npmmirror.com%2Faccepts%2Fdownload%2Faccepts-1.3.7.tgz}
    engines: {node: '>= 0.6'}
    dependencies:
      mime-types: 2.1.34
      negotiator: 0.6.2
    dev: true

  /anymatch/2.0.0:
    resolution: {integrity: sha1-vLJLTzeTTZqnrBe0ra+J58du8us=, tarball: anymatch/download/anymatch-2.0.0.tgz}
    dependencies:
      micromatch: 3.1.10
      normalize-path: 2.1.1
    dev: true

  /apache-crypt/1.2.5:
    resolution: {integrity: sha1-Tra2267SBBzlvC2AL0Qh9f2twl4=, tarball: apache-crypt/download/apache-crypt-1.2.5.tgz}
    engines: {node: '>=8'}
    dependencies:
      unix-crypt-td-js: 1.1.4
    dev: true

  /apache-md5/1.1.7:
    resolution: {integrity: sha1-3O8YAnAMwjHWDF4I/QiPL5s2N1o=, tarball: apache-md5/download/apache-md5-1.1.7.tgz}
    engines: {node: '>=8'}
    dev: true

  /arr-diff/4.0.0:
    resolution: {integrity: sha1-1kYQdP6/7HHn4VI1dhoyml3HxSA=, tarball: arr-diff/download/arr-diff-4.0.0.tgz}
    engines: {node: '>=0.10.0'}
    dev: true

  /arr-flatten/1.1.0:
    resolution: {integrity: sha1-NgSLv/TntH4TZkQxbJlmnqWukfE=, tarball: arr-flatten/download/arr-flatten-1.1.0.tgz}
    engines: {node: '>=0.10.0'}
    dev: true

  /arr-union/3.1.0:
    resolution: {integrity: sha1-45sJrqne+Gao8gbiiK9jkZuuOcQ=, tarball: arr-union/download/arr-union-3.1.0.tgz}
    engines: {node: '>=0.10.0'}
    dev: true

  /array-unique/0.3.2:
    resolution: {integrity: sha1-qJS3XUvE9s1nnvMkSp/Y9Gri1Cg=, tarball: array-unique/download/array-unique-0.3.2.tgz}
    engines: {node: '>=0.10.0'}
    dev: true

  /assign-symbols/1.0.0:
    resolution: {integrity: sha1-WWZ/QfrdTyDMvCu5a41Pf3jsA2c=, tarball: assign-symbols/download/assign-symbols-1.0.0.tgz}
    engines: {node: '>=0.10.0'}
    dev: true

  /async-each/1.0.3:
    resolution: {integrity: sha1-tyfb+H12UWAvBvTUrDh/R9kbDL8=, tarball: async-each/download/async-each-1.0.3.tgz}
    dev: true

  /atob/2.1.2:
    resolution: {integrity: sha1-bZUX654DDSQ2ZmZR6GvZ9vE1M8k=, tarball: atob/download/atob-2.1.2.tgz}
    engines: {node: '>= 4.5.0'}
    hasBin: true
    dev: true

  /base/0.11.2:
    resolution: {integrity: sha1-e95c7RRbbVUakNuH+DxVi060io8=, tarball: base/download/base-0.11.2.tgz}
    engines: {node: '>=0.10.0'}
    dependencies:
      cache-base: 1.0.1
      class-utils: 0.3.6
      component-emitter: 1.3.0
      define-property: 1.0.0
      isobject: 3.0.1
      mixin-deep: 1.3.2
      pascalcase: 0.1.1
    dev: true

  /basic-auth/2.0.1:
    resolution: {integrity: sha1-uZgnm/R844NEtPPPkW1Gebv1Hjo=, tarball: basic-auth/download/basic-auth-2.0.1.tgz}
    engines: {node: '>= 0.8'}
    dependencies:
      safe-buffer: 5.1.2
    dev: true

  /batch/0.6.1:
    resolution: {integrity: sha512-x+VAiMRL6UPkx+kudNvxTl6hB2XNNCG2r+7wixVfIYwu/2HKRXimwQyaumLjMveWvT2Hkd/cAJw+QBMfJ/EKVw==, tarball: batch/download/batch-0.6.1.tgz}
    dev: true

  /bcryptjs/2.4.3:
    resolution: {integrity: sha1-mrVie5PmBiH/fNrF2pczAn3x0Ms=, tarball: bcryptjs/download/bcryptjs-2.4.3.tgz}
    dev: true

  /binary-extensions/1.13.1:
    resolution: {integrity: sha1-WYr+VHVbKGilMw0q/51Ou1Mgm2U=, tarball: binary-extensions/download/binary-extensions-1.13.1.tgz}
    engines: {node: '>=0.10.0'}
    dev: true

  /bindings/1.5.0:
    resolution: {integrity: sha1-EDU8npRTNLwFEabZCzj7x8nFBN8=, tarball: bindings/download/bindings-1.5.0.tgz}
    requiresBuild: true
    dependencies:
      file-uri-to-path: 1.0.0
    dev: true
    optional: true

  /braces/2.3.2:
    resolution: {integrity: sha1-WXn9PxTNUxVl5fot8av/8d+u5yk=, tarball: braces/download/braces-2.3.2.tgz}
    engines: {node: '>=0.10.0'}
    dependencies:
      arr-flatten: 1.1.0
      array-unique: 0.3.2
      extend-shallow: 2.0.1
      fill-range: 4.0.0
      isobject: 3.0.1
      repeat-element: 1.1.4
      snapdragon: 0.8.2
      snapdragon-node: 2.1.1
      split-string: 3.1.0
      to-regex: 3.0.2
    dev: true

  /cache-base/1.0.1:
    resolution: {integrity: sha1-Cn9GQWgxyLZi7jb+TnxZ129marI=, tarball: cache-base/download/cache-base-1.0.1.tgz}
    engines: {node: '>=0.10.0'}
    dependencies:
      collection-visit: 1.0.0
      component-emitter: 1.3.0
      get-value: 2.0.6
      has-value: 1.0.0
      isobject: 3.0.1
      set-value: 2.0.1
      to-object-path: 0.3.0
      union-value: 1.0.1
      unset-value: 1.0.0
    dev: true

  /chokidar/2.1.8:
    resolution: {integrity: sha512-ZmZUazfOzf0Nve7duiCKD23PFSCs4JPoYyccjUFF3aQkQadqBhfzhjkwBH2mNOG9cTBwhamM37EIsIkZw3nRgg==, tarball: chokidar/download/chokidar-2.1.8.tgz}
    deprecated: Chokidar 2 will break on node v14+. Upgrade to chokidar 3 with 15x less dependencies.
    dependencies:
      anymatch: 2.0.0
      async-each: 1.0.3
      braces: 2.3.2
      glob-parent: 3.1.0
      inherits: 2.0.4
      is-binary-path: 1.0.1
      is-glob: 4.0.3
      normalize-path: 3.0.0
      path-is-absolute: 1.0.1
      readdirp: 2.2.1
      upath: 1.2.0
    optionalDependencies:
      fsevents: 1.2.13
    dev: true

  /class-utils/0.3.6:
    resolution: {integrity: sha1-+TNprouafOAv1B+q0MqDAzGQxGM=, tarball: class-utils/download/class-utils-0.3.6.tgz}
    engines: {node: '>=0.10.0'}
    dependencies:
      arr-union: 3.1.0
      define-property: 0.2.5
      isobject: 3.0.1
      static-extend: 0.1.2
    dev: true

  /collection-visit/1.0.0:
    resolution: {integrity: sha1-S8A3PBZLwykbTTaMgpzxqApZ3KA=, tarball: collection-visit/download/collection-visit-1.0.0.tgz}
    engines: {node: '>=0.10.0'}
    dependencies:
      map-visit: 1.0.0
      object-visit: 1.0.1
    dev: true

  /colors/1.4.0:
    resolution: {integrity: sha512-a+UqTh4kgZg/SlGvfbzDHpgRu7AAQOmmqRHJnxhRZICKFUT91brVhNNt58CMWU9PsBbv3PDCZUHbVxuDiH2mtA==, tarball: colors/download/colors-1.4.0.tgz}
    engines: {node: '>=0.1.90'}
    dev: true

  /component-emitter/1.3.0:
    resolution: {integrity: sha1-FuQHD7qK4ptnnyIVhT7hgasuq8A=, tarball: component-emitter/download/component-emitter-1.3.0.tgz}
    dev: true

  /connect/3.7.0:
    resolution: {integrity: sha1-XUk0iRDKpeB6AYALAw0MNfIEhPg=, tarball: connect/download/connect-3.7.0.tgz}
    engines: {node: '>= 0.10.0'}
    dependencies:
      debug: 2.6.9
      finalhandler: 1.1.2
      parseurl: 1.3.3
      utils-merge: 1.0.1
    dev: true

  /copy-descriptor/0.1.1:
    resolution: {integrity: sha1-Z29us8OZl8LuGsOpJP1hJHSPV40=, tarball: copy-descriptor/download/copy-descriptor-0.1.1.tgz}
    engines: {node: '>=0.10.0'}
    dev: true

  /core-util-is/1.0.3:
    resolution: {integrity: sha1-pgQtNjTCsn6TKPg3uWX6yDgI24U=, tarball: core-util-is/download/core-util-is-1.0.3.tgz}
    dev: true

  /cors/2.8.5:
    resolution: {integrity: sha512-KIHbLJqu73RGr/hnbrO9uBeixNGuvSQjul/jdFvS/KFSIH1hWVd1ng7zOHx+YrEfInLG7q4n6GHQ9cDtxv/P6g==, tarball: cors/download/cors-2.8.5.tgz}
    engines: {node: '>= 0.10'}
    dependencies:
      object-assign: 4.1.1
      vary: 1.1.2
    dev: true

  /debug/2.6.9:
    resolution: {integrity: sha512-bC7ElrdJaJnPbAP+1EotYvqZsb3ecl5wi6Bfi6BJTUcNowp6cvspg0jXznRTKDjm/E7AdgFBVeAPVMNcKGsHMA==, tarball: debug/download/debug-2.6.9.tgz}
    dependencies:
      ms: 2.0.0
    dev: true

  /decode-uri-component/0.2.0:
    resolution: {integrity: sha1-6zkTMzRYd1y4TNGh+uBiEGu4dUU=, tarball: decode-uri-component/download/decode-uri-component-0.2.0.tgz}
    engines: {node: '>=0.10'}
    dev: true

  /define-property/0.2.5:
    resolution: {integrity: sha1-w1se+RjsPJkPmlvFe+BKrOxcgRY=, tarball: define-property/download/define-property-0.2.5.tgz}
    engines: {node: '>=0.10.0'}
    dependencies:
      is-descriptor: 0.1.6
    dev: true

  /define-property/1.0.0:
    resolution: {integrity: sha1-dp66rz9KY6rTr56NMEybvnm/sOY=, tarball: define-property/download/define-property-1.0.0.tgz}
    engines: {node: '>=0.10.0'}
    dependencies:
      is-descriptor: 1.0.2
    dev: true

  /define-property/2.0.2:
    resolution: {integrity: sha1-1Flono1lS6d+AqgX+HENcCyxbp0=, tarball: define-property/download/define-property-2.0.2.tgz}
    engines: {node: '>=0.10.0'}
    dependencies:
      is-descriptor: 1.0.2
      isobject: 3.0.1
    dev: true

  /depd/1.1.2:
    resolution: {integrity: sha1-m81S4UwJd2PnSbJ0xDRu0uVgtak=, tarball: depd/download/depd-1.1.2.tgz}
    engines: {node: '>= 0.6'}
    dev: true

  /depd/2.0.0:
    resolution: {integrity: sha1-tpYWPMdXVg0JzyLMj60Vcbeedt8=, tarball: depd/download/depd-2.0.0.tgz}
    engines: {node: '>= 0.8'}
    dev: true

  /destroy/1.0.4:
    resolution: {integrity: sha1-l4hXRCxEdJ5CBmE+N5RiBYJqvYA=, tarball: destroy/download/destroy-1.0.4.tgz}
    dev: true

  /duplexer/0.1.2:
    resolution: {integrity: sha1-Or5DrvODX4rgd9E23c4PJ2sEAOY=, tarball: duplexer/download/duplexer-0.1.2.tgz}
    dev: true

  /ee-first/1.1.1:
    resolution: {integrity: sha1-WQxhFWsK4vTwJVcyoViyZrxWsh0=, tarball: ee-first/download/ee-first-1.1.1.tgz}
    dev: true

  /encodeurl/1.0.2:
    resolution: {integrity: sha512-TPJXq8JqFaVYm2CWmPvnP2Iyo4ZSM7/QKcSmuMLDObfpH5fi7RUGmd/rTDf+rut/saiDiQEeVTNgAmJEdAOx0w==, tarball: encodeurl/download/encodeurl-1.0.2.tgz}
    engines: {node: '>= 0.8'}
    dev: true

  /escape-html/1.0.3:
    resolution: {integrity: sha1-Aljq5NPQwJdN4cFpGI7wBR0dGYg=, tarball: escape-html/download/escape-html-1.0.3.tgz}
    dev: true

  /etag/1.8.1:
    resolution: {integrity: sha1-Qa4u62XvpiJorr/qg6x9eSmbCIc=, tarball: etag/download/etag-1.8.1.tgz}
    engines: {node: '>= 0.6'}
    dev: true

  /event-stream/3.3.4:
    resolution: {integrity: sha1-SrTJoPWlTbkzi0w02Gv86PSzVXE=, tarball: event-stream/download/event-stream-3.3.4.tgz}
    dependencies:
      duplexer: 0.1.2
      from: 0.1.7
      map-stream: 0.1.0
      pause-stream: 0.0.11
      split: 0.3.3
      stream-combiner: 0.0.4
      through: 2.3.8
    dev: true

  /expand-brackets/2.1.4:
    resolution: {integrity: sha1-t3c14xXOMPa27/D4OwQVGiJEliI=, tarball: expand-brackets/download/expand-brackets-2.1.4.tgz}
    engines: {node: '>=0.10.0'}
    dependencies:
      debug: 2.6.9
      define-property: 0.2.5
      extend-shallow: 2.0.1
      posix-character-classes: 0.1.1
      regex-not: 1.0.2
      snapdragon: 0.8.2
      to-regex: 3.0.2
    dev: true

  /extend-shallow/2.0.1:
    resolution: {integrity: sha1-Ua99YUrZqfYQ6huvu5idaxxWiQ8=, tarball: extend-shallow/download/extend-shallow-2.0.1.tgz}
    engines: {node: '>=0.10.0'}
    dependencies:
      is-extendable: 0.1.1
    dev: true

  /extend-shallow/3.0.2:
    resolution: {integrity: sha1-Jqcarwc7OfshJxcnRhMcJwQCjbg=, tarball: extend-shallow/download/extend-shallow-3.0.2.tgz}
    engines: {node: '>=0.10.0'}
    dependencies:
      assign-symbols: 1.0.0
      is-extendable: 1.0.1
    dev: true

  /extglob/2.0.4:
    resolution: {integrity: sha1-rQD+TcYSqSMuhxhxHcXLWrAoVUM=, tarball: extglob/download/extglob-2.0.4.tgz}
    engines: {node: '>=0.10.0'}
    dependencies:
      array-unique: 0.3.2
      define-property: 1.0.0
      expand-brackets: 2.1.4
      extend-shallow: 2.0.1
      fragment-cache: 0.2.1
      regex-not: 1.0.2
      snapdragon: 0.8.2
      to-regex: 3.0.2
    dev: true

  /faye-websocket/0.11.4:
    resolution: {integrity: sha1-fw2Sdc/dhqHJY9yLZfzEUe3Lsdo=, tarball: faye-websocket/download/faye-websocket-0.11.4.tgz}
    engines: {node: '>=0.8.0'}
    dependencies:
      websocket-driver: 0.7.4
    dev: true

  /file-uri-to-path/1.0.0:
    resolution: {integrity: sha1-VTp7hEb/b2hDWcRF8eN6BdrMM90=, tarball: file-uri-to-path/download/file-uri-to-path-1.0.0.tgz}
    requiresBuild: true
    dev: true
    optional: true

  /fill-range/4.0.0:
    resolution: {integrity: sha1-1USBHUKPmOsGpj3EAtJAPDKMOPc=, tarball: fill-range/download/fill-range-4.0.0.tgz}
    engines: {node: '>=0.10.0'}
    dependencies:
      extend-shallow: 2.0.1
      is-number: 3.0.0
      repeat-string: 1.6.1
      to-regex-range: 2.1.1
    dev: true

  /finalhandler/1.1.2:
    resolution: {integrity: sha1-t+fQAP/RGTjQ/bBTUG9uur6fWH0=, tarball: finalhandler/download/finalhandler-1.1.2.tgz}
    engines: {node: '>= 0.8'}
    dependencies:
      debug: 2.6.9
      encodeurl: 1.0.2
      escape-html: 1.0.3
      on-finished: 2.3.0
      parseurl: 1.3.3
      statuses: 1.5.0
      unpipe: 1.0.0
    dev: true

  /for-in/1.0.2:
    resolution: {integrity: sha1-gQaNKVqBQuwKxybG4iAMMPttXoA=, tarball: for-in/download/for-in-1.0.2.tgz}
    engines: {node: '>=0.10.0'}
    dev: true

  /fragment-cache/0.2.1:
    resolution: {integrity: sha1-QpD60n8T6Jvn8zeZxrxaCr//DRk=, tarball: fragment-cache/download/fragment-cache-0.2.1.tgz}
    engines: {node: '>=0.10.0'}
    dependencies:
      map-cache: 0.2.2
    dev: true

  /fresh/0.5.2:
    resolution: {integrity: sha1-PYyt2Q2XZWn6g1qx+OSyOhBWBac=, tarball: fresh/download/fresh-0.5.2.tgz}
    engines: {node: '>= 0.6'}
    dev: true

  /from/0.1.7:
    resolution: {integrity: sha512-twe20eF1OxVxp/ML/kq2p1uc6KvFK/+vs8WjEbeKmV2He22MKm7YF2ANIt+EOqhJ5L3K/SuuPhk0hWQDjOM23g==, tarball: from/download/from-0.1.7.tgz}
    dev: true

  /fsevents/1.2.13:
    resolution: {integrity: sha1-8yXLBFVZJCi88Rs4M3DvcOO/zDg=, tarball: fsevents/download/fsevents-1.2.13.tgz}
    engines: {node: '>= 4.0'}
    os: [darwin]
    deprecated: fsevents 1 will break on node v14+ and could be using insecure binaries. Upgrade to fsevents 2.
    requiresBuild: true
    dependencies:
      bindings: 1.5.0
      nan: 2.15.0
    dev: true
    optional: true

  /get-value/2.0.6:
    resolution: {integrity: sha1-3BXKHGcjh8p2vTesCjlbogQqLCg=, tarball: get-value/download/get-value-2.0.6.tgz}
    engines: {node: '>=0.10.0'}
    dev: true

  /glob-parent/3.1.0:
    resolution: {integrity: sha1-nmr2KZ2NO9K9QEMIMr0RPfkGxa4=, tarball: glob-parent/download/glob-parent-3.1.0.tgz}
    dependencies:
      is-glob: 3.1.0
      path-dirname: 1.0.2
    dev: true

  /graceful-fs/4.2.9:
    resolution: {integrity: sha512-NtNxqUcXgpW2iMrfqSfR73Glt39K+BLwWsPs94yR63v45T0Wbej7eRmL5cWfwEgqXnmjQp3zaJTshdRW/qC2ZQ==, tarball: graceful-fs/download/graceful-fs-4.2.9.tgz}
    dev: true

  /has-value/0.3.1:
    resolution: {integrity: sha1-ex9YutpiyoJ+wKIHgCVlSEWZXh8=, tarball: has-value/download/has-value-0.3.1.tgz}
    engines: {node: '>=0.10.0'}
    dependencies:
      get-value: 2.0.6
      has-values: 0.1.4
      isobject: 2.1.0
    dev: true

  /has-value/1.0.0:
    resolution: {integrity: sha1-GLKB2lhbHFxR3vJMkw7SmgvmsXc=, tarball: has-value/download/has-value-1.0.0.tgz}
    engines: {node: '>=0.10.0'}
    dependencies:
      get-value: 2.0.6
      has-values: 1.0.0
      isobject: 3.0.1
    dev: true

  /has-values/0.1.4:
    resolution: {integrity: sha1-bWHeldkd/Km5oCCJrThL/49it3E=, tarball: has-values/download/has-values-0.1.4.tgz}
    engines: {node: '>=0.10.0'}
    dev: true

  /has-values/1.0.0:
    resolution: {integrity: sha1-lbC2P+whRmGab+V/51Yo1aOe/k8=, tarball: has-values/download/has-values-1.0.0.tgz}
    engines: {node: '>=0.10.0'}
    dependencies:
      is-number: 3.0.0
      kind-of: 4.0.0
    dev: true

  /http-auth/3.1.3:
    resolution: {integrity: sha1-lFz63WZSHq+PfISRPTd9exXyTjE=, tarball: http-auth/download/http-auth-3.1.3.tgz}
    engines: {node: '>=4.6.1'}
    dependencies:
      apache-crypt: 1.2.5
      apache-md5: 1.1.7
      bcryptjs: 2.4.3
      uuid: 3.4.0
    dev: true

  /http-errors/1.6.3:
    resolution: {integrity: sha1-i1VoC7S+KDoLW/TqLjhYC+HZMg0=, tarball: http-errors/download/http-errors-1.6.3.tgz}
    engines: {node: '>= 0.6'}
    dependencies:
      depd: 1.1.2
      inherits: 2.0.3
      setprototypeof: 1.1.0
      statuses: 1.5.0
    dev: true

  /http-errors/1.8.1:
    resolution: {integrity: sha512-Kpk9Sm7NmI+RHhnj6OIWDI1d6fIoFAtFt9RLaTMRlg/8w49juAStsrBgp0Dp4OdxdVbRIeKhtCUvoi/RuAhO4g==, tarball: http-errors/download/http-errors-1.8.1.tgz}
    engines: {node: '>= 0.6'}
    dependencies:
      depd: 1.1.2
      inherits: 2.0.4
      setprototypeof: 1.2.0
      statuses: 1.5.0
      toidentifier: 1.0.1
    dev: true

  /http-parser-js/0.5.5:
    resolution: {integrity: sha512-x+JVEkO2PoM8qqpbPbOL3cqHPwerep7OwzK7Ay+sMQjKzaKCqWvjoXm5tqMP9tXWWTnTzAjIhXg+J99XYuPhPA==, tarball: http-parser-js/download/http-parser-js-0.5.5.tgz}
    dev: true

  /inherits/2.0.3:
    resolution: {integrity: sha1-Yzwsg+PaQqUC9SRmAiSA9CCCYd4=, tarball: inherits/download/inherits-2.0.3.tgz}
    dev: true

  /inherits/2.0.4:
    resolution: {integrity: sha1-D6LGT5MpF8NDOg3tVTY6rjdBa3w=, tarball: inherits/download/inherits-2.0.4.tgz}
    dev: true

  /is-accessor-descriptor/0.1.6:
    resolution: {integrity: sha1-qeEss66Nh2cn7u84Q/igiXtcmNY=, tarball: is-accessor-descriptor/download/is-accessor-descriptor-0.1.6.tgz}
    engines: {node: '>=0.10.0'}
    dependencies:
      kind-of: 3.2.2
    dev: true

  /is-accessor-descriptor/1.0.0:
    resolution: {integrity: sha1-FpwvbT3x+ZJhgHI2XJsOofaHhlY=, tarball: is-accessor-descriptor/download/is-accessor-descriptor-1.0.0.tgz}
    engines: {node: '>=0.10.0'}
    dependencies:
      kind-of: 6.0.3
    dev: true

  /is-binary-path/1.0.1:
    resolution: {integrity: sha1-dfFmQrSA8YenEcgUFh/TpKdlWJg=, tarball: is-binary-path/download/is-binary-path-1.0.1.tgz}
    engines: {node: '>=0.10.0'}
    dependencies:
      binary-extensions: 1.13.1
    dev: true

  /is-buffer/1.1.6:
    resolution: {integrity: sha1-76ouqdqg16suoTqXsritUf776L4=, tarball: is-buffer/download/is-buffer-1.1.6.tgz}
    dev: true

  /is-data-descriptor/0.1.4:
    resolution: {integrity: sha1-C17mSDiOLIYCgueT8YVv7D8wG1Y=, tarball: is-data-descriptor/download/is-data-descriptor-0.1.4.tgz}
    engines: {node: '>=0.10.0'}
    dependencies:
      kind-of: 3.2.2
    dev: true

  /is-data-descriptor/1.0.0:
    resolution: {integrity: sha1-2Eh2Mh0Oet0DmQQGq7u9NrqSaMc=, tarball: is-data-descriptor/download/is-data-descriptor-1.0.0.tgz}
    engines: {node: '>=0.10.0'}
    dependencies:
      kind-of: 6.0.3
    dev: true

  /is-descriptor/0.1.6:
    resolution: {integrity: sha1-Nm2CQN3kh8pRgjsaufB6EKeCUco=, tarball: is-descriptor/download/is-descriptor-0.1.6.tgz}
    engines: {node: '>=0.10.0'}
    dependencies:
      is-accessor-descriptor: 0.1.6
      is-data-descriptor: 0.1.4
      kind-of: 5.1.0
    dev: true

  /is-descriptor/1.0.2:
    resolution: {integrity: sha1-OxWXRqZmBLBPjIFSS6NlxfFNhuw=, tarball: is-descriptor/download/is-descriptor-1.0.2.tgz}
    engines: {node: '>=0.10.0'}
    dependencies:
      is-accessor-descriptor: 1.0.0
      is-data-descriptor: 1.0.0
      kind-of: 6.0.3
    dev: true

  /is-extendable/0.1.1:
    resolution: {integrity: sha1-YrEQ4omkcUGOPsNqYX1HLjAd/Ik=, tarball: is-extendable/download/is-extendable-0.1.1.tgz}
    engines: {node: '>=0.10.0'}
    dev: true

  /is-extendable/1.0.1:
    resolution: {integrity: sha1-p0cPnkJnM9gb2B4RVSZOOjUHyrQ=, tarball: is-extendable/download/is-extendable-1.0.1.tgz}
    engines: {node: '>=0.10.0'}
    dependencies:
      is-plain-object: 2.0.4
    dev: true

  /is-extglob/2.1.1:
    resolution: {integrity: sha1-qIwCU1eR8C7TfHahueqXc8gz+MI=, tarball: is-extglob/download/is-extglob-2.1.1.tgz}
    engines: {node: '>=0.10.0'}
    dev: true

  /is-glob/3.1.0:
    resolution: {integrity: sha1-e6WuJCF4BKxwcHuWkiVnSGzD6Eo=, tarball: is-glob/download/is-glob-3.1.0.tgz}
    engines: {node: '>=0.10.0'}
    dependencies:
      is-extglob: 2.1.1
    dev: true

  /is-glob/4.0.3:
    resolution: {integrity: sha1-ZPYeQsu7LuwgcanawLKLoeZdUIQ=, tarball: is-glob/download/is-glob-4.0.3.tgz}
    engines: {node: '>=0.10.0'}
    dependencies:
      is-extglob: 2.1.1
    dev: true

  /is-number/3.0.0:
    resolution: {integrity: sha1-JP1iAaR4LPUFYcgQJ2r8fRLXEZU=, tarball: is-number/download/is-number-3.0.0.tgz}
    engines: {node: '>=0.10.0'}
    dependencies:
      kind-of: 3.2.2
    dev: true

  /is-plain-object/2.0.4:
    resolution: {integrity: sha1-LBY7P6+xtgbZ0Xko8FwqHDjgdnc=, tarball: is-plain-object/download/is-plain-object-2.0.4.tgz}
    engines: {node: '>=0.10.0'}
    dependencies:
      isobject: 3.0.1
    dev: true

  /is-windows/1.0.2:
    resolution: {integrity: sha1-0YUOuXkezRjmGCzhKjDzlmNLsZ0=, tarball: is-windows/download/is-windows-1.0.2.tgz}
    engines: {node: '>=0.10.0'}
    dev: true

  /is-wsl/1.1.0:
    resolution: {integrity: sha1-HxbkqiKwTRM2tmGIpmrzxgDDpm0=, tarball: is-wsl/download/is-wsl-1.1.0.tgz}
    engines: {node: '>=4'}
    dev: true

  /isarray/1.0.0:
    resolution: {integrity: sha512-VLghIWNM6ELQzo7zwmcg0NmTVyWKYjvIeM83yjp0wRDTmUnrM678fQbcKBo6n2CJEF0szoG//ytg+TKla89ALQ==, tarball: isarray/download/isarray-1.0.0.tgz}
    dev: true

  /isobject/2.1.0:
    resolution: {integrity: sha512-+OUdGJlgjOBZDfxnDjYYG6zp487z0JGNQq3cYQYg5f5hKR+syHMsaztzGeml/4kGG55CSpKSpWTY+jYGgsHLgA==, tarball: isobject/download/isobject-2.1.0.tgz}
    engines: {node: '>=0.10.0'}
    dependencies:
      isarray: 1.0.0
    dev: true

  /isobject/3.0.1:
    resolution: {integrity: sha512-WhB9zCku7EGTj/HQQRz5aUQEUeoQZH2bWcltRErOpymJ4boYE6wL9Tbr23krRPSZ+C5zqNSrSw+Cc7sZZ4b7vg==, tarball: isobject/download/isobject-3.0.1.tgz}
    engines: {node: '>=0.10.0'}
    dev: true

  /kind-of/3.2.2:
    resolution: {integrity: sha1-MeohpzS6ubuw8yRm2JOupR5KPGQ=, tarball: kind-of/download/kind-of-3.2.2.tgz}
    engines: {node: '>=0.10.0'}
    dependencies:
      is-buffer: 1.1.6
    dev: true

  /kind-of/4.0.0:
    resolution: {integrity: sha1-IIE989cSkosgc3hpGkUGb65y3Vc=, tarball: kind-of/download/kind-of-4.0.0.tgz}
    engines: {node: '>=0.10.0'}
    dependencies:
      is-buffer: 1.1.6
    dev: true

  /kind-of/5.1.0:
    resolution: {integrity: sha1-cpyR4thXt6QZofmqZWhcTDP1hF0=, tarball: kind-of/download/kind-of-5.1.0.tgz}
    engines: {node: '>=0.10.0'}
    dev: true

  /kind-of/6.0.3:
    resolution: {integrity: sha1-B8BQNKbDSfoG4k+jWqdttFgM5N0=, tarball: kind-of/download/kind-of-6.0.3.tgz}
    engines: {node: '>=0.10.0'}
    dev: true

  /live-server/1.2.1:
    resolution: {integrity: sha1-ZwYw3UCdIv6cUTqxwYlGhsdXFT4=, tarball: live-server/download/live-server-1.2.1.tgz}
    engines: {node: '>=0.10.0'}
    hasBin: true
    dependencies:
      chokidar: 2.1.8
      colors: 1.4.0
      connect: 3.7.0
      cors: 2.8.5
      event-stream: 3.3.4
      faye-websocket: 0.11.4
      http-auth: 3.1.3
      morgan: 1.10.0
      object-assign: 4.1.1
      opn: 6.0.0
      proxy-middleware: 0.15.0
      send: 0.17.2
      serve-index: 1.9.1
    dev: true

  /map-cache/0.2.2:
    resolution: {integrity: sha1-wyq9C9ZSXZsFFkW7TyasXcmKDb8=, tarball: map-cache/download/map-cache-0.2.2.tgz}
    engines: {node: '>=0.10.0'}
    dev: true

  /map-stream/0.1.0:
    resolution: {integrity: sha1-5WqpTEyAVaFkBKBnS3jyFffI4ZQ=, tarball: map-stream/download/map-stream-0.1.0.tgz}
    dev: true

  /map-visit/1.0.0:
    resolution: {integrity: sha1-7Nyo8TFE5mDxtb1B8S80edmN+48=, tarball: map-visit/download/map-visit-1.0.0.tgz}
    engines: {node: '>=0.10.0'}
    dependencies:
      object-visit: 1.0.1
    dev: true

  /micromatch/3.1.10:
    resolution: {integrity: sha1-cIWbyVyYQJUvNZoGij/En57PrCM=, tarball: micromatch/download/micromatch-3.1.10.tgz}
    engines: {node: '>=0.10.0'}
    dependencies:
      arr-diff: 4.0.0
      array-unique: 0.3.2
      braces: 2.3.2
      define-property: 2.0.2
      extend-shallow: 3.0.2
      extglob: 2.0.4
      fragment-cache: 0.2.1
      kind-of: 6.0.3
      nanomatch: 1.2.13
      object.pick: 1.3.0
      regex-not: 1.0.2
      snapdragon: 0.8.2
      to-regex: 3.0.2
    dev: true

  /mime-db/1.51.0:
    resolution: {integrity: sha512-5y8A56jg7XVQx2mbv1lu49NR4dokRnhZYTtL+KGfaa27uq4pSTXkwQkFJl4pkRMyNFz/EtYDSkiiEHx3F7UN6g==, tarball: mime-db/download/mime-db-1.51.0.tgz}
    engines: {node: '>= 0.6'}
    dev: true

  /mime-types/2.1.34:
    resolution: {integrity: sha512-6cP692WwGIs9XXdOO4++N+7qjqv0rqxxVvJ3VHPh/Sc9mVZcQP+ZGhkKiTvWMQRr2tbHkJP/Yn7Y0npb3ZBs4A==, tarball: mime-types/download/mime-types-2.1.34.tgz}
    engines: {node: '>= 0.6'}
    dependencies:
      mime-db: 1.51.0
    dev: true

  /mime/1.6.0:
    resolution: {integrity: sha1-Ms2eXGRVO9WNGaVor0Uqz/BJgbE=, tarball: mime/download/mime-1.6.0.tgz}
    engines: {node: '>=4'}
    hasBin: true
    dev: true

  /mixin-deep/1.3.2:
    resolution: {integrity: sha1-ESC0PcNZp4Xc5ltVuC4lfM9HlWY=, tarball: mixin-deep/download/mixin-deep-1.3.2.tgz}
    engines: {node: '>=0.10.0'}
    dependencies:
      for-in: 1.0.2
      is-extendable: 1.0.1
    dev: true

  /morgan/1.10.0:
    resolution: {integrity: sha1-CRd4q8H8R801CYJGU9rh+qtrF9c=, tarball: morgan/download/morgan-1.10.0.tgz}
    engines: {node: '>= 0.8.0'}
    dependencies:
      basic-auth: 2.0.1
      debug: 2.6.9
      depd: 2.0.0
      on-finished: 2.3.0
      on-headers: 1.0.2
    dev: true

  /ms/2.0.0:
    resolution: {integrity: sha1-VgiurfwAvmwpAd9fmGF4jeDVl8g=, tarball: ms/download/ms-2.0.0.tgz}
    dev: true

  /ms/2.1.3:
    resolution: {integrity: sha1-V0yBOM4dK1hh8LRFedut1gxmFbI=, tarball: ms/download/ms-2.1.3.tgz}
    dev: true

  /nan/2.15.0:
    resolution: {integrity: sha1-PzSkc/8Y4VwbVia2KQO1rW5mX+4=, tarball: nan/download/nan-2.15.0.tgz}
    requiresBuild: true
    dev: true
    optional: true

  /nanomatch/1.2.13:
    resolution: {integrity: sha1-uHqKpPwN6P5r6IiVs4mD/yZb0Rk=, tarball: nanomatch/download/nanomatch-1.2.13.tgz}
    engines: {node: '>=0.10.0'}
    dependencies:
      arr-diff: 4.0.0
      array-unique: 0.3.2
      define-property: 2.0.2
      extend-shallow: 3.0.2
      fragment-cache: 0.2.1
      is-windows: 1.0.2
      kind-of: 6.0.3
      object.pick: 1.3.0
      regex-not: 1.0.2
      snapdragon: 0.8.2
      to-regex: 3.0.2
    dev: true

  /negotiator/0.6.2:
    resolution: {integrity: sha1-/qz3zPUlp3rpY0Q2pkiD/+yjRvs=, tarball: negotiator/download/negotiator-0.6.2.tgz}
    engines: {node: '>= 0.6'}
    dev: true

  /normalize-path/2.1.1:
    resolution: {integrity: sha1-GrKLVW4Zg2Oowab35vogE3/mrtk=, tarball: normalize-path/download/normalize-path-2.1.1.tgz}
    engines: {node: '>=0.10.0'}
    dependencies:
      remove-trailing-separator: 1.1.0
    dev: true

  /normalize-path/3.0.0:
    resolution: {integrity: sha1-Dc1p/yOhybEf0JeDFmRKA4ghamU=, tarball: normalize-path/download/normalize-path-3.0.0.tgz}
    engines: {node: '>=0.10.0'}
    dev: true

  /object-assign/4.1.1:
    resolution: {integrity: sha1-IQmtx5ZYh8/AXLvUQsrIv7s2CGM=, tarball: object-assign/download/object-assign-4.1.1.tgz?cache=0&sync_timestamp=1636644213234&other_urls=https%3A%2F%2Fregistry.npmmirror.com%2Fobject-assign%2Fdownload%2Fobject-assign-4.1.1.tgz}
    engines: {node: '>=0.10.0'}
    dev: true

  /object-copy/0.1.0:
    resolution: {integrity: sha1-fn2Fi3gb18mRpBupde04EnVOmYw=, tarball: object-copy/download/object-copy-0.1.0.tgz}
    engines: {node: '>=0.10.0'}
    dependencies:
      copy-descriptor: 0.1.1
      define-property: 0.2.5
      kind-of: 3.2.2
    dev: true

  /object-visit/1.0.1:
    resolution: {integrity: sha1-95xEk68MU3e1n+OdOV5BBC3QRbs=, tarball: object-visit/download/object-visit-1.0.1.tgz}
    engines: {node: '>=0.10.0'}
    dependencies:
      isobject: 3.0.1
    dev: true

  /object.pick/1.3.0:
    resolution: {integrity: sha1-h6EKxMFpS9Lhy/U1kaZhQftd10c=, tarball: object.pick/download/object.pick-1.3.0.tgz}
    engines: {node: '>=0.10.0'}
    dependencies:
      isobject: 3.0.1
    dev: true

  /on-finished/2.3.0:
    resolution: {integrity: sha1-IPEzZIGwg811M3mSoWlxqi2QaUc=, tarball: on-finished/download/on-finished-2.3.0.tgz}
    engines: {node: '>= 0.8'}
    dependencies:
      ee-first: 1.1.1
    dev: true

  /on-headers/1.0.2:
    resolution: {integrity: sha1-dysK5qqlJcOZ5Imt+tkMQD6zwo8=, tarball: on-headers/download/on-headers-1.0.2.tgz}
    engines: {node: '>= 0.8'}
    dev: true

  /opn/6.0.0:
    resolution: {integrity: sha1-PFsNtnbV+X2hIz0e1C0YK8WifS0=, tarball: opn/download/opn-6.0.0.tgz}
    engines: {node: '>=8'}
    deprecated: The package has been renamed to `open`
    dependencies:
      is-wsl: 1.1.0
    dev: true

  /parseurl/1.3.3:
    resolution: {integrity: sha1-naGee+6NEt/wUT7Vt2lXeTvC6NQ=, tarball: parseurl/download/parseurl-1.3.3.tgz}
    engines: {node: '>= 0.8'}
    dev: true

  /pascalcase/0.1.1:
    resolution: {integrity: sha1-s2PlXoAGym/iF4TS2yK9FdeRfxQ=, tarball: pascalcase/download/pascalcase-0.1.1.tgz}
    engines: {node: '>=0.10.0'}
    dev: true

  /path-dirname/1.0.2:
    resolution: {integrity: sha1-zDPSTVJeCZpTiMAzbG4yuRYGCeA=, tarball: path-dirname/download/path-dirname-1.0.2.tgz}
    dev: true

  /path-is-absolute/1.0.1:
    resolution: {integrity: sha1-F0uSaHNVNP+8es5r9TpanhtcX18=, tarball: path-is-absolute/download/path-is-absolute-1.0.1.tgz}
    engines: {node: '>=0.10.0'}
    dev: true

  /pause-stream/0.0.11:
    resolution: {integrity: sha1-/lo0sMvOErWqaitAPuLnO2AvFEU=, tarball: pause-stream/download/pause-stream-0.0.11.tgz}
    dependencies:
      through: 2.3.8
    dev: true

  /posix-character-classes/0.1.1:
    resolution: {integrity: sha1-AerA/jta9xoqbAL+q7jB/vfgDqs=, tarball: posix-character-classes/download/posix-character-classes-0.1.1.tgz}
    engines: {node: '>=0.10.0'}
    dev: true

  /process-nextick-args/2.0.1:
    resolution: {integrity: sha1-eCDZsWEgzFXKmud5JoCufbptf+I=, tarball: process-nextick-args/download/process-nextick-args-2.0.1.tgz}
    dev: true

  /proxy-middleware/0.15.0:
    resolution: {integrity: sha1-o/3xvvtzD5UZZYcqwvYHTGFHelY=, tarball: proxy-middleware/download/proxy-middleware-0.15.0.tgz}
    engines: {node: '>=0.8.0'}
    dev: true

  /range-parser/1.2.1:
    resolution: {integrity: sha1-PPNwI9GZ4cJNGlW4SADC8+ZGgDE=, tarball: range-parser/download/range-parser-1.2.1.tgz}
    engines: {node: '>= 0.6'}
    dev: true

  /readable-stream/2.3.7:
    resolution: {integrity: sha1-Hsoc9xGu+BTAT2IlKjamL2yyO1c=, tarball: readable-stream/download/readable-stream-2.3.7.tgz}
    dependencies:
      core-util-is: 1.0.3
      inherits: 2.0.4
      isarray: 1.0.0
      process-nextick-args: 2.0.1
      safe-buffer: 5.1.2
      string_decoder: 1.1.1
      util-deprecate: 1.0.2
    dev: true

  /readdirp/2.2.1:
    resolution: {integrity: sha1-DodiKjMlqjPokihcr4tOhGUppSU=, tarball: readdirp/download/readdirp-2.2.1.tgz}
    engines: {node: '>=0.10'}
    dependencies:
      graceful-fs: 4.2.9
      micromatch: 3.1.10
      readable-stream: 2.3.7
    dev: true

  /regex-not/1.0.2:
    resolution: {integrity: sha1-H07OJ+ALC2XgJHpoEOaoXYOldSw=, tarball: regex-not/download/regex-not-1.0.2.tgz}
    engines: {node: '>=0.10.0'}
    dependencies:
      extend-shallow: 3.0.2
      safe-regex: 1.1.0
    dev: true

  /remove-trailing-separator/1.1.0:
    resolution: {integrity: sha1-wkvOKig62tW8P1jg1IJJuSN52O8=, tarball: remove-trailing-separator/download/remove-trailing-separator-1.1.0.tgz}
    dev: true

  /repeat-element/1.1.4:
    resolution: {integrity: sha1-vmgVIIR6tYx1aKx1+/rSjtQtOek=, tarball: repeat-element/download/repeat-element-1.1.4.tgz}
    engines: {node: '>=0.10.0'}
    dev: true

  /repeat-string/1.6.1:
    resolution: {integrity: sha1-jcrkcOHIirwtYA//Sndihtp15jc=, tarball: repeat-string/download/repeat-string-1.6.1.tgz}
    engines: {node: '>=0.10'}
    dev: true

  /resolve-url/0.2.1:
    resolution: {integrity: sha1-LGN/53yJOv0qZj/iGqkIAGjiBSo=, tarball: resolve-url/download/resolve-url-0.2.1.tgz}
    deprecated: https://github.com/lydell/resolve-url#deprecated
    dev: true

  /ret/0.1.15:
    resolution: {integrity: sha1-uKSCXVvbH8P29Twrwz+BOIaBx7w=, tarball: ret/download/ret-0.1.15.tgz}
    engines: {node: '>=0.12'}
    dev: true

  /safe-buffer/5.1.2:
    resolution: {integrity: sha1-mR7GnSluAxN0fVm9/St0XDX4go0=, tarball: safe-buffer/download/safe-buffer-5.1.2.tgz}
    dev: true

  /safe-buffer/5.2.1:
    resolution: {integrity: sha1-Hq+fqb2x/dTsdfWPnNtOa3gn7sY=, tarball: safe-buffer/download/safe-buffer-5.2.1.tgz}
    dev: true

  /safe-regex/1.1.0:
    resolution: {integrity: sha1-QKNmnzsHfR6UPURinhV91IAjvy4=, tarball: safe-regex/download/safe-regex-1.1.0.tgz}
    dependencies:
      ret: 0.1.15
    dev: true

  /send/0.17.2:
    resolution: {integrity: sha512-UJYB6wFSJE3G00nEivR5rgWp8c2xXvJ3OPWPhmuteU0IKj8nKbG3DrjiOmLwpnHGYWAVwA69zmTm++YG0Hmwww==, tarball: send/download/send-0.17.2.tgz}
    engines: {node: '>= 0.8.0'}
    dependencies:
      debug: 2.6.9
      depd: 1.1.2
      destroy: 1.0.4
      encodeurl: 1.0.2
      escape-html: 1.0.3
      etag: 1.8.1
      fresh: 0.5.2
      http-errors: 1.8.1
      mime: 1.6.0
      ms: 2.1.3
      on-finished: 2.3.0
      range-parser: 1.2.1
      statuses: 1.5.0
    dev: true

  /serve-index/1.9.1:
    resolution: {integrity: sha1-03aNabHn2C5c4FD/9bRTvqEqkjk=, tarball: serve-index/download/serve-index-1.9.1.tgz}
    engines: {node: '>= 0.8.0'}
    dependencies:
      accepts: 1.3.7
      batch: 0.6.1
      debug: 2.6.9
      escape-html: 1.0.3
      http-errors: 1.6.3
      mime-types: 2.1.34
      parseurl: 1.3.3
    dev: true

  /set-value/2.0.1:
    resolution: {integrity: sha1-oY1AUw5vB95CKMfe/kInr4ytAFs=, tarball: set-value/download/set-value-2.0.1.tgz}
    engines: {node: '>=0.10.0'}
    dependencies:
      extend-shallow: 2.0.1
      is-extendable: 0.1.1
      is-plain-object: 2.0.4
      split-string: 3.1.0
    dev: true

  /setprototypeof/1.1.0:
    resolution: {integrity: sha1-0L2FU2iHtv58DYGMuWLZ2RxU5lY=, tarball: setprototypeof/download/setprototypeof-1.1.0.tgz}
    dev: true

  /setprototypeof/1.2.0:
    resolution: {integrity: sha1-ZsmiSnP5/CjL5msJ/tPTPcrxtCQ=, tarball: setprototypeof/download/setprototypeof-1.2.0.tgz}
    dev: true

  /snapdragon-node/2.1.1:
    resolution: {integrity: sha1-bBdfhv8UvbByRWPo88GwIaKGhTs=, tarball: snapdragon-node/download/snapdragon-node-2.1.1.tgz}
    engines: {node: '>=0.10.0'}
    dependencies:
      define-property: 1.0.0
      isobject: 3.0.1
      snapdragon-util: 3.0.1
    dev: true

  /snapdragon-util/3.0.1:
    resolution: {integrity: sha1-+VZHlIbyrNeXAGk/b3uAXkWrVuI=, tarball: snapdragon-util/download/snapdragon-util-3.0.1.tgz}
    engines: {node: '>=0.10.0'}
    dependencies:
      kind-of: 3.2.2
    dev: true

  /snapdragon/0.8.2:
    resolution: {integrity: sha1-ZJIufFZbDhQgS6GqfWlkJ40lGC0=, tarball: snapdragon/download/snapdragon-0.8.2.tgz}
    engines: {node: '>=0.10.0'}
    dependencies:
      base: 0.11.2
      debug: 2.6.9
      define-property: 0.2.5
      extend-shallow: 2.0.1
      map-cache: 0.2.2
      source-map: 0.5.7
      source-map-resolve: 0.5.3
      use: 3.1.1
    dev: true

  /source-map-resolve/0.5.3:
    resolution: {integrity: sha1-GQhmvs51U+H48mei7oLGBrVQmho=, tarball: source-map-resolve/download/source-map-resolve-0.5.3.tgz}
    deprecated: See https://github.com/lydell/source-map-resolve#deprecated
    dependencies:
      atob: 2.1.2
      decode-uri-component: 0.2.0
      resolve-url: 0.2.1
      source-map-url: 0.4.1
      urix: 0.1.0
    dev: true

  /source-map-url/0.4.1:
    resolution: {integrity: sha1-CvZmBadFpaL5HPG7+KevvCg97FY=, tarball: source-map-url/download/source-map-url-0.4.1.tgz}
    deprecated: See https://github.com/lydell/source-map-url#deprecated
    dev: true

  /source-map/0.5.7:
    resolution: {integrity: sha1-igOdLRAh0i0eoUyA2OpGi6LvP8w=, tarball: source-map/download/source-map-0.5.7.tgz}
    engines: {node: '>=0.10.0'}
    dev: true

  /split-string/3.1.0:
    resolution: {integrity: sha1-fLCd2jqGWFcFxks5pkZgOGguj+I=, tarball: split-string/download/split-string-3.1.0.tgz}
    engines: {node: '>=0.10.0'}
    dependencies:
      extend-shallow: 3.0.2
    dev: true

  /split/0.3.3:
    resolution: {integrity: sha1-zQ7qXmOiEd//frDwkcQTPi0N0o8=, tarball: split/download/split-0.3.3.tgz}
    dependencies:
      through: 2.3.8
    dev: true

  /static-extend/0.1.2:
    resolution: {integrity: sha1-YICcOcv/VTNyJv1eC1IPNB8ftcY=, tarball: static-extend/download/static-extend-0.1.2.tgz}
    engines: {node: '>=0.10.0'}
    dependencies:
      define-property: 0.2.5
      object-copy: 0.1.0
    dev: true

  /statuses/1.5.0:
    resolution: {integrity: sha1-Fhx9rBd2Wf2YEfQ3cfqZOBR4Yow=, tarball: statuses/download/statuses-1.5.0.tgz}
    engines: {node: '>= 0.6'}
    dev: true

  /stream-combiner/0.0.4:
    resolution: {integrity: sha1-TV5DPBhSYd3mI8o/RMWGvPXErRQ=, tarball: stream-combiner/download/stream-combiner-0.0.4.tgz}
    dependencies:
      duplexer: 0.1.2
    dev: true

  /string_decoder/1.1.1:
    resolution: {integrity: sha1-nPFhG6YmhdcDCunkujQUnDrwP8g=, tarball: string_decoder/download/string_decoder-1.1.1.tgz}
    dependencies:
      safe-buffer: 5.1.2
    dev: true

  /through/2.3.8:
    resolution: {integrity: sha1-DdTJ/6q8NXlgsbckEV1+Doai4fU=, tarball: through/download/through-2.3.8.tgz}
    dev: true

  /to-object-path/0.3.0:
    resolution: {integrity: sha1-KXWIt7Dn4KwI4E5nL4XB9JmeF68=, tarball: to-object-path/download/to-object-path-0.3.0.tgz}
    engines: {node: '>=0.10.0'}
    dependencies:
      kind-of: 3.2.2
    dev: true

  /to-regex-range/2.1.1:
    resolution: {integrity: sha1-fIDBe53+vlmeJzZ+DU3VWQFB2zg=, tarball: to-regex-range/download/to-regex-range-2.1.1.tgz}
    engines: {node: '>=0.10.0'}
    dependencies:
      is-number: 3.0.0
      repeat-string: 1.6.1
    dev: true

  /to-regex/3.0.2:
    resolution: {integrity: sha1-E8/dmzNlUvMLUfM6iuG0Knp1mc4=, tarball: to-regex/download/to-regex-3.0.2.tgz}
    engines: {node: '>=0.10.0'}
    dependencies:
      define-property: 2.0.2
      extend-shallow: 3.0.2
      regex-not: 1.0.2
      safe-regex: 1.1.0
    dev: true

  /toidentifier/1.0.1:
    resolution: {integrity: sha512-o5sSPKEkg/DIQNmH43V0/uerLrpzVedkUh8tGNvaeXpfpuwjKenlSox/2O/BTlZUtEe+JG7s5YhEz608PlAHRA==, tarball: toidentifier/download/toidentifier-1.0.1.tgz}
    engines: {node: '>=0.6'}
    dev: true

  /union-value/1.0.1:
    resolution: {integrity: sha1-C2/nuDWuzaYcbqTU8CwUIh4QmEc=, tarball: union-value/download/union-value-1.0.1.tgz}
    engines: {node: '>=0.10.0'}
    dependencies:
      arr-union: 3.1.0
      get-value: 2.0.6
      is-extendable: 0.1.1
      set-value: 2.0.1
    dev: true

  /unix-crypt-td-js/1.1.4:
    resolution: {integrity: sha1-SRLfrRyK630g+go55MMZGMHV1d0=, tarball: unix-crypt-td-js/download/unix-crypt-td-js-1.1.4.tgz}
    dev: true

  /unpipe/1.0.0:
    resolution: {integrity: sha1-sr9O6FFKrmFltIF4KdIbLvSZBOw=, tarball: unpipe/download/unpipe-1.0.0.tgz}
    engines: {node: '>= 0.8'}
    dev: true

  /unset-value/1.0.0:
    resolution: {integrity: sha1-g3aHP30jNRef+x5vw6jtDfyKtVk=, tarball: unset-value/download/unset-value-1.0.0.tgz}
    engines: {node: '>=0.10.0'}
    dependencies:
      has-value: 0.3.1
      isobject: 3.0.1
    dev: true

  /upath/1.2.0:
    resolution: {integrity: sha1-j2bbzVWog6za5ECK+LA1pQRMGJQ=, tarball: upath/download/upath-1.2.0.tgz}
    engines: {node: '>=4'}
    dev: true

  /urix/0.1.0:
    resolution: {integrity: sha1-2pN/emLiH+wf0Y1Js1wpNQZ6bHI=, tarball: urix/download/urix-0.1.0.tgz}
    deprecated: Please see https://github.com/lydell/urix#deprecated
    dev: true

  /use/3.1.1:
    resolution: {integrity: sha1-1QyMrHmhn7wg8pEfVuuXP04QBw8=, tarball: use/download/use-3.1.1.tgz}
    engines: {node: '>=0.10.0'}
    dev: true

  /util-deprecate/1.0.2:
    resolution: {integrity: sha1-RQ1Nyfpw3nMnYvvS1KKJgUGaDM8=, tarball: util-deprecate/download/util-deprecate-1.0.2.tgz}
    dev: true

  /utils-merge/1.0.1:
    resolution: {integrity: sha1-n5VxD1CiZ5R7LMwSR0HBAoQn5xM=, tarball: utils-merge/download/utils-merge-1.0.1.tgz}
    engines: {node: '>= 0.4.0'}
    dev: true

  /uuid/3.4.0:
    resolution: {integrity: sha512-HjSDRw6gZE5JMggctHBcjVak08+KEVhSIiDzFnT9S9aegmp85S/bReBVTb4QTFaRNptJ9kuYaNhnbNEOkbKb/A==, tarball: uuid/download/uuid-3.4.0.tgz}
    deprecated: Please upgrade  to version 7 or higher.  Older versions may use Math.random() in certain circumstances, which is known to be problematic.  See https://v8.dev/blog/math-random for details.
    hasBin: true
    dev: true

  /vary/1.1.2:
    resolution: {integrity: sha1-IpnwLG3tMNSllhsLn3RSShj2NPw=, tarball: vary/download/vary-1.1.2.tgz}
    engines: {node: '>= 0.8'}
    dev: true

  /websocket-driver/0.7.4:
    resolution: {integrity: sha1-ia1Slbv2S0gKvLox5JU6ynBvV2A=, tarball: websocket-driver/download/websocket-driver-0.7.4.tgz}
    engines: {node: '>=0.8.0'}
    dependencies:
      http-parser-js: 0.5.5
      safe-buffer: 5.2.1
      websocket-extensions: 0.1.4
    dev: true

  /websocket-extensions/0.1.4:
    resolution: {integrity: sha1-f4RzvIOd/YdgituV1+sHUhFXikI=, tarball: websocket-extensions/download/websocket-extensions-0.1.4.tgz}
    engines: {node: '>=0.8.0'}
    dev: true
